// !$*UTF8*$!
{
	archiveVersion = 1;
	classes = {
	};
	objectVersion = 55;
	objects = {

/* Begin PBXBuildFile section */
		670D22F12841AC5200573C66 /* Constants.swift in Sources */ = {isa = PBXBuildFile; fileRef = 670D22F02841AC5200573C66 /* Constants.swift */; };
		670D22F42841B61000573C66 /* DishCell.swift in Sources */ = {isa = PBXBuildFile; fileRef = 670D22F32841B61000573C66 /* DishCell.swift */; };
		670D22F62841B81300573C66 /* DishesVC.swift in Sources */ = {isa = PBXBuildFile; fileRef = 670D22F52841B81300573C66 /* DishesVC.swift */; };
		674A16072837C3AA0099F0C0 /* AppDelegate.swift in Sources */ = {isa = PBXBuildFile; fileRef = 674A16062837C3AA0099F0C0 /* AppDelegate.swift */; };
		674A16092837C3AA0099F0C0 /* SceneDelegate.swift in Sources */ = {isa = PBXBuildFile; fileRef = 674A16082837C3AA0099F0C0 /* SceneDelegate.swift */; };
		674A160E2837C3AA0099F0C0 /* Main.storyboard in Resources */ = {isa = PBXBuildFile; fileRef = 674A160C2837C3AA0099F0C0 /* Main.storyboard */; };
		674A16102837C3B20099F0C0 /* Assets.xcassets in Resources */ = {isa = PBXBuildFile; fileRef = 674A160F2837C3B20099F0C0 /* Assets.xcassets */; };
		674A16132837C3B20099F0C0 /* LaunchScreen.storyboard in Resources */ = {isa = PBXBuildFile; fileRef = 674A16112837C3B20099F0C0 /* LaunchScreen.storyboard */; };
		674A161B2837C45C0099F0C0 /* LoginVC.swift in Sources */ = {isa = PBXBuildFile; fileRef = 674A161A2837C45C0099F0C0 /* LoginVC.swift */; };
		674A161D2837D62C0099F0C0 /* MainVC.swift in Sources */ = {isa = PBXBuildFile; fileRef = 674A161C2837D62C0099F0C0 /* MainVC.swift */; };
		674A16212837E1CA0099F0C0 /* MainCell.swift in Sources */ = {isa = PBXBuildFile; fileRef = 674A16202837E1CA0099F0C0 /* MainCell.swift */; };
		67754E302844E6FE00259FA6 /* DishDetailVC.swift in Sources */ = {isa = PBXBuildFile; fileRef = 67754E2F2844E6FE00259FA6 /* DishDetailVC.swift */; };
		67810354283843CD00034E95 /* API.swift in Sources */ = {isa = PBXBuildFile; fileRef = 67810353283843CD00034E95 /* API.swift */; };
		67810359283848B400034E95 /* BaseModel.swift in Sources */ = {isa = PBXBuildFile; fileRef = 67810358283848B400034E95 /* BaseModel.swift */; };
		8E007A0E93D60A2B15827FBB /* Pods_Doyduk_Appcent.framework in Frameworks */ = {isa = PBXBuildFile; fileRef = BD60A3316C2380049DDB7AF6 /* Pods_Doyduk_Appcent.framework */; };
/* End PBXBuildFile section */

/* Begin PBXFileReference section */
		00F620E0DB1B054A80085D2A /* Pods-Doyduk-Appcent.release.xcconfig */ = {isa = PBXFileReference; includeInIndex = 1; lastKnownFileType = text.xcconfig; name = "Pods-Doyduk-Appcent.release.xcconfig"; path = "Target Support Files/Pods-Doyduk-Appcent/Pods-Doyduk-Appcent.release.xcconfig"; sourceTree = "<group>"; };
		670D22F02841AC5200573C66 /* Constants.swift */ = {isa = PBXFileReference; lastKnownFileType = sourcecode.swift; path = Constants.swift; sourceTree = "<group>"; };
		670D22F32841B61000573C66 /* DishCell.swift */ = {isa = PBXFileReference; lastKnownFileType = sourcecode.swift; path = DishCell.swift; sourceTree = "<group>"; };
		670D22F52841B81300573C66 /* DishesVC.swift */ = {isa = PBXFileReference; lastKnownFileType = sourcecode.swift; path = DishesVC.swift; sourceTree = "<group>"; };
		674A16032837C3AA0099F0C0 /* Doyduk-Appcent.app */ = {isa = PBXFileReference; explicitFileType = wrapper.application; includeInIndex = 0; path = "Doyduk-Appcent.app"; sourceTree = BUILT_PRODUCTS_DIR; };
		674A16062837C3AA0099F0C0 /* AppDelegate.swift */ = {isa = PBXFileReference; lastKnownFileType = sourcecode.swift; path = AppDelegate.swift; sourceTree = "<group>"; };
		674A16082837C3AA0099F0C0 /* SceneDelegate.swift */ = {isa = PBXFileReference; lastKnownFileType = sourcecode.swift; path = SceneDelegate.swift; sourceTree = "<group>"; };
		674A160D2837C3AA0099F0C0 /* Base */ = {isa = PBXFileReference; lastKnownFileType = file.storyboard; name = Base; path = Base.lproj/Main.storyboard; sourceTree = "<group>"; };
		674A160F2837C3B20099F0C0 /* Assets.xcassets */ = {isa = PBXFileReference; lastKnownFileType = folder.assetcatalog; path = Assets.xcassets; sourceTree = "<group>"; };
		674A16122837C3B20099F0C0 /* Base */ = {isa = PBXFileReference; lastKnownFileType = file.storyboard; name = Base; path = Base.lproj/LaunchScreen.storyboard; sourceTree = "<group>"; };
		674A16142837C3B20099F0C0 /* Info.plist */ = {isa = PBXFileReference; lastKnownFileType = text.plist.xml; path = Info.plist; sourceTree = "<group>"; };
		674A161A2837C45C0099F0C0 /* LoginVC.swift */ = {isa = PBXFileReference; lastKnownFileType = sourcecode.swift; path = LoginVC.swift; sourceTree = "<group>"; };
		674A161C2837D62C0099F0C0 /* MainVC.swift */ = {isa = PBXFileReference; lastKnownFileType = sourcecode.swift; path = MainVC.swift; sourceTree = "<group>"; };
		674A16202837E1CA0099F0C0 /* MainCell.swift */ = {isa = PBXFileReference; lastKnownFileType = sourcecode.swift; path = MainCell.swift; sourceTree = "<group>"; };
		67754E2F2844E6FE00259FA6 /* DishDetailVC.swift */ = {isa = PBXFileReference; lastKnownFileType = sourcecode.swift; path = DishDetailVC.swift; sourceTree = "<group>"; };
		67810353283843CD00034E95 /* API.swift */ = {isa = PBXFileReference; lastKnownFileType = sourcecode.swift; path = API.swift; sourceTree = "<group>"; };
		67810358283848B400034E95 /* BaseModel.swift */ = {isa = PBXFileReference; lastKnownFileType = sourcecode.swift; path = BaseModel.swift; sourceTree = "<group>"; };
		909F35BC4CD5F7D80BF55915 /* Pods-Doyduk-Appcent.debug.xcconfig */ = {isa = PBXFileReference; includeInIndex = 1; lastKnownFileType = text.xcconfig; name = "Pods-Doyduk-Appcent.debug.xcconfig"; path = "Target Support Files/Pods-Doyduk-Appcent/Pods-Doyduk-Appcent.debug.xcconfig"; sourceTree = "<group>"; };
		BD60A3316C2380049DDB7AF6 /* Pods_Doyduk_Appcent.framework */ = {isa = PBXFileReference; explicitFileType = wrapper.framework; includeInIndex = 0; path = Pods_Doyduk_Appcent.framework; sourceTree = BUILT_PRODUCTS_DIR; };
/* End PBXFileReference section */

/* Begin PBXFrameworksBuildPhase section */
		674A16002837C3AA0099F0C0 /* Frameworks */ = {
			isa = PBXFrameworksBuildPhase;
			buildActionMask = 2147483647;
			files = (
				8E007A0E93D60A2B15827FBB /* Pods_Doyduk_Appcent.framework in Frameworks */,
			);
			runOnlyForDeploymentPostprocessing = 0;
		};
/* End PBXFrameworksBuildPhase section */

/* Begin PBXGroup section */
		089B8D73A78C1A664DC3896F /* Frameworks */ = {
			isa = PBXGroup;
			children = (
				BD60A3316C2380049DDB7AF6 /* Pods_Doyduk_Appcent.framework */,
			);
			name = Frameworks;
			sourceTree = "<group>";
		};
		40BF435E76FC57917EAB017E /* Pods */ = {
			isa = PBXGroup;
			children = (
				909F35BC4CD5F7D80BF55915 /* Pods-Doyduk-Appcent.debug.xcconfig */,
				00F620E0DB1B054A80085D2A /* Pods-Doyduk-Appcent.release.xcconfig */,
			);
			path = Pods;
			sourceTree = "<group>";
		};
		670D22EF2841AC3B00573C66 /* Helpers */ = {
			isa = PBXGroup;
			children = (
				670D22F02841AC5200573C66 /* Constants.swift */,
			);
			path = Helpers;
			sourceTree = "<group>";
		};
		670D22F22841B5DE00573C66 /* Cell */ = {
			isa = PBXGroup;
			children = (
				674A16202837E1CA0099F0C0 /* MainCell.swift */,
				670D22F32841B61000573C66 /* DishCell.swift */,
			);
			path = Cell;
			sourceTree = "<group>";
		};
		674A15FA2837C3A90099F0C0 = {
			isa = PBXGroup;
			children = (
				674A16052837C3AA0099F0C0 /* Doyduk-Appcent */,
				674A16042837C3AA0099F0C0 /* Products */,
				40BF435E76FC57917EAB017E /* Pods */,
				089B8D73A78C1A664DC3896F /* Frameworks */,
			);
			sourceTree = "<group>";
		};
		674A16042837C3AA0099F0C0 /* Products */ = {
			isa = PBXGroup;
			children = (
				674A16032837C3AA0099F0C0 /* Doyduk-Appcent.app */,
			);
			name = Products;
			sourceTree = "<group>";
		};
		674A16052837C3AA0099F0C0 /* Doyduk-Appcent */ = {
			isa = PBXGroup;
			children = (
				67810353283843CD00034E95 /* API.swift */,
				674A16062837C3AA0099F0C0 /* AppDelegate.swift */,
				670D22EF2841AC3B00573C66 /* Helpers */,
				670D22F22841B5DE00573C66 /* Cell */,
				674A160C2837C3AA0099F0C0 /* Main.storyboard */,
				674A160F2837C3B20099F0C0 /* Assets.xcassets */,
				674A16112837C3B20099F0C0 /* LaunchScreen.storyboard */,
				674A16142837C3B20099F0C0 /* Info.plist */,
				678103572838489F00034E95 /* Model */,
				674A16082837C3AA0099F0C0 /* SceneDelegate.swift */,
				678103552838485F00034E95 /* VC */,
			);
			path = "Doyduk-Appcent";
			sourceTree = "<group>";
		};
		678103552838485F00034E95 /* VC */ = {
			isa = PBXGroup;
			children = (
				674A161A2837C45C0099F0C0 /* LoginVC.swift */,
				674A161C2837D62C0099F0C0 /* MainVC.swift */,
				670D22F52841B81300573C66 /* DishesVC.swift */,
				67754E2F2844E6FE00259FA6 /* DishDetailVC.swift */,
			);
			path = VC;
			sourceTree = "<group>";
		};
		678103572838489F00034E95 /* Model */ = {
			isa = PBXGroup;
			children = (
				67810358283848B400034E95 /* BaseModel.swift */,
			);
			path = Model;
			sourceTree = "<group>";
		};
/* End PBXGroup section */

/* Begin PBXNativeTarget section */
		674A16022837C3AA0099F0C0 /* Doyduk-Appcent */ = {
			isa = PBXNativeTarget;
			buildConfigurationList = 674A16172837C3B20099F0C0 /* Build configuration list for PBXNativeTarget "Doyduk-Appcent" */;
			buildPhases = (
				759E1F44FC53C743E926FCC8 /* [CP] Check Pods Manifest.lock */,
				674A15FF2837C3AA0099F0C0 /* Sources */,
				674A16002837C3AA0099F0C0 /* Frameworks */,
				674A16012837C3AA0099F0C0 /* Resources */,
				D28DB7FDC6CF30D0A80249B0 /* [CP] Embed Pods Frameworks */,
			);
			buildRules = (
			);
			dependencies = (
			);
			name = "Doyduk-Appcent";
			productName = "Doyduk-Appcent";
			productReference = 674A16032837C3AA0099F0C0 /* Doyduk-Appcent.app */;
			productType = "com.apple.product-type.application";
		};
/* End PBXNativeTarget section */

/* Begin PBXProject section */
		674A15FB2837C3A90099F0C0 /* Project object */ = {
			isa = PBXProject;
			attributes = {
				BuildIndependentTargetsInParallel = 1;
				LastSwiftUpdateCheck = 1320;
				LastUpgradeCheck = 1320;
				TargetAttributes = {
					674A16022837C3AA0099F0C0 = {
						CreatedOnToolsVersion = 13.2.1;
					};
				};
			};
			buildConfigurationList = 674A15FE2837C3A90099F0C0 /* Build configuration list for PBXProject "Doyduk-Appcent" */;
			compatibilityVersion = "Xcode 13.0";
			developmentRegion = en;
			hasScannedForEncodings = 0;
			knownRegions = (
				en,
				Base,
			);
			mainGroup = 674A15FA2837C3A90099F0C0;
			productRefGroup = 674A16042837C3AA0099F0C0 /* Products */;
			projectDirPath = "";
			projectRoot = "";
			targets = (
				674A16022837C3AA0099F0C0 /* Doyduk-Appcent */,
			);
		};
/* End PBXProject section */

/* Begin PBXResourcesBuildPhase section */
		674A16012837C3AA0099F0C0 /* Resources */ = {
			isa = PBXResourcesBuildPhase;
			buildActionMask = 2147483647;
			files = (
				674A16132837C3B20099F0C0 /* LaunchScreen.storyboard in Resources */,
				674A16102837C3B20099F0C0 /* Assets.xcassets in Resources */,
				674A160E2837C3AA0099F0C0 /* Main.storyboard in Resources */,
			);
			runOnlyForDeploymentPostprocessing = 0;
		};
/* End PBXResourcesBuildPhase section */

/* Begin PBXShellScriptBuildPhase section */
		759E1F44FC53C743E926FCC8 /* [CP] Check Pods Manifest.lock */ = {
			isa = PBXShellScriptBuildPhase;
			buildActionMask = 2147483647;
			files = (
			);
			inputFileListPaths = (
			);
			inputPaths = (
				"${PODS_PODFILE_DIR_PATH}/Podfile.lock",
				"${PODS_ROOT}/Manifest.lock",
			);
			name = "[CP] Check Pods Manifest.lock";
			outputFileListPaths = (
			);
			outputPaths = (
				"$(DERIVED_FILE_DIR)/Pods-Doyduk-Appcent-checkManifestLockResult.txt",
			);
			runOnlyForDeploymentPostprocessing = 0;
			shellPath = /bin/sh;
			shellScript = "diff \"${PODS_PODFILE_DIR_PATH}/Podfile.lock\" \"${PODS_ROOT}/Manifest.lock\" > /dev/null\nif [ $? != 0 ] ; then\n    # print error to STDERR\n    echo \"error: The sandbox is not in sync with the Podfile.lock. Run 'pod install' or update your CocoaPods installation.\" >&2\n    exit 1\nfi\n# This output is used by Xcode 'outputs' to avoid re-running this script phase.\necho \"SUCCESS\" > \"${SCRIPT_OUTPUT_FILE_0}\"\n";
			showEnvVarsInLog = 0;
		};
		D28DB7FDC6CF30D0A80249B0 /* [CP] Embed Pods Frameworks */ = {
			isa = PBXShellScriptBuildPhase;
			buildActionMask = 2147483647;
			files = (
			);
			inputFileListPaths = (
				"${PODS_ROOT}/Target Support Files/Pods-Doyduk-Appcent/Pods-Doyduk-Appcent-frameworks-${CONFIGURATION}-input-files.xcfilelist",
			);
			name = "[CP] Embed Pods Frameworks";
			outputFileListPaths = (
				"${PODS_ROOT}/Target Support Files/Pods-Doyduk-Appcent/Pods-Doyduk-Appcent-frameworks-${CONFIGURATION}-output-files.xcfilelist",
			);
			runOnlyForDeploymentPostprocessing = 0;
			shellPath = /bin/sh;
			shellScript = "\"${PODS_ROOT}/Target Support Files/Pods-Doyduk-Appcent/Pods-Doyduk-Appcent-frameworks.sh\"\n";
			showEnvVarsInLog = 0;
		};
/* End PBXShellScriptBuildPhase section */

/* Begin PBXSourcesBuildPhase section */
		674A15FF2837C3AA0099F0C0 /* Sources */ = {
			isa = PBXSourcesBuildPhase;
			buildActionMask = 2147483647;
			files = (
				670D22F62841B81300573C66 /* DishesVC.swift in Sources */,
				674A16072837C3AA0099F0C0 /* AppDelegate.swift in Sources */,
				67754E302844E6FE00259FA6 /* DishDetailVC.swift in Sources */,
				674A161D2837D62C0099F0C0 /* MainVC.swift in Sources */,
				67810359283848B400034E95 /* BaseModel.swift in Sources */,
				670D22F42841B61000573C66 /* DishCell.swift in Sources */,
				670D22F12841AC5200573C66 /* Constants.swift in Sources */,
				674A16092837C3AA0099F0C0 /* SceneDelegate.swift in Sources */,
				674A161B2837C45C0099F0C0 /* LoginVC.swift in Sources */,
				67810354283843CD00034E95 /* API.swift in Sources */,
				674A16212837E1CA0099F0C0 /* MainCell.swift in Sources */,
			);
			runOnlyForDeploymentPostprocessing = 0;
		};
/* End PBXSourcesBuildPhase section */

/* Begin PBXVariantGroup section */
		674A160C2837C3AA0099F0C0 /* Main.storyboard */ = {
			isa = PBXVariantGroup;
			children = (
				674A160D2837C3AA0099F0C0 /* Base */,
			);
			name = Main.storyboard;
			sourceTree = "<group>";
		};
		674A16112837C3B20099F0C0 /* LaunchScreen.storyboard */ = {
			isa = PBXVariantGroup;
			children = (
				674A16122837C3B20099F0C0 /* Base */,
			);
			name = LaunchScreen.storyboard;
			sourceTree = "<group>";
		};
/* End PBXVariantGroup section */

/* Begin XCBuildConfiguration section */
		674A16152837C3B20099F0C0 /* Debug */ = {
			isa = XCBuildConfiguration;
			buildSettings = {
				ALWAYS_SEARCH_USER_PATHS = NO;
				CLANG_ANALYZER_NONNULL = YES;
				CLANG_ANALYZER_NUMBER_OBJECT_CONVERSION = YES_AGGRESSIVE;
				CLANG_CXX_LANGUAGE_STANDARD = "gnu++17";
				CLANG_CXX_LIBRARY = "libc++";
				CLANG_ENABLE_MODULES = YES;
				CLANG_ENABLE_OBJC_ARC = YES;
				CLANG_ENABLE_OBJC_WEAK = YES;
				CLANG_WARN_BLOCK_CAPTURE_AUTORELEASING = YES;
				CLANG_WARN_BOOL_CONVERSION = YES;
				CLANG_WARN_COMMA = YES;
				CLANG_WARN_CONSTANT_CONVERSION = YES;
				CLANG_WARN_DEPRECATED_OBJC_IMPLEMENTATIONS = YES;
				CLANG_WARN_DIRECT_OBJC_ISA_USAGE = YES_ERROR;
				CLANG_WARN_DOCUMENTATION_COMMENTS = YES;
				CLANG_WARN_EMPTY_BODY = YES;
				CLANG_WARN_ENUM_CONVERSION = YES;
				CLANG_WARN_INFINITE_RECURSION = YES;
				CLANG_WARN_INT_CONVERSION = YES;
				CLANG_WARN_NON_LITERAL_NULL_CONVERSION = YES;
				CLANG_WARN_OBJC_IMPLICIT_RETAIN_SELF = YES;
				CLANG_WARN_OBJC_LITERAL_CONVERSION = YES;
				CLANG_WARN_OBJC_ROOT_CLASS = YES_ERROR;
				CLANG_WARN_QUOTED_INCLUDE_IN_FRAMEWORK_HEADER = YES;
				CLANG_WARN_RANGE_LOOP_ANALYSIS = YES;
				CLANG_WARN_STRICT_PROTOTYPES = YES;
				CLANG_WARN_SUSPICIOUS_MOVE = YES;
				CLANG_WARN_UNGUARDED_AVAILABILITY = YES_AGGRESSIVE;
				CLANG_WARN_UNREACHABLE_CODE = YES;
				CLANG_WARN__DUPLICATE_METHOD_MATCH = YES;
				COPY_PHASE_STRIP = NO;
				DEBUG_INFORMATION_FORMAT = dwarf;
				ENABLE_STRICT_OBJC_MSGSEND = YES;
				ENABLE_TESTABILITY = YES;
				GCC_C_LANGUAGE_STANDARD = gnu11;
				GCC_DYNAMIC_NO_PIC = NO;
				GCC_NO_COMMON_BLOCKS = YES;
				GCC_OPTIMIZATION_LEVEL = 0;
				GCC_PREPROCESSOR_DEFINITIONS = (
					"DEBUG=1",
					"$(inherited)",
				);
				GCC_WARN_64_TO_32_BIT_CONVERSION = YES;
				GCC_WARN_ABOUT_RETURN_TYPE = YES_ERROR;
				GCC_WARN_UNDECLARED_SELECTOR = YES;
				GCC_WARN_UNINITIALIZED_AUTOS = YES_AGGRESSIVE;
				GCC_WARN_UNUSED_FUNCTION = YES;
				GCC_WARN_UNUSED_VARIABLE = YES;
				IPHONEOS_DEPLOYMENT_TARGET = 15.2;
				MTL_ENABLE_DEBUG_INFO = INCLUDE_SOURCE;
				MTL_FAST_MATH = YES;
				ONLY_ACTIVE_ARCH = YES;
				SDKROOT = iphoneos;
				SWIFT_ACTIVE_COMPILATION_CONDITIONS = DEBUG;
				SWIFT_OPTIMIZATION_LEVEL = "-Onone";
			};
			name = Debug;
		};
		674A16162837C3B20099F0C0 /* Release */ = {
			isa = XCBuildConfiguration;
			buildSettings = {
				ALWAYS_SEARCH_USER_PATHS = NO;
				CLANG_ANALYZER_NONNULL = YES;
				CLANG_ANALYZER_NUMBER_OBJECT_CONVERSION = YES_AGGRESSIVE;
				CLANG_CXX_LANGUAGE_STANDARD = "gnu++17";
				CLANG_CXX_LIBRARY = "libc++";
				CLANG_ENABLE_MODULES = YES;
				CLANG_ENABLE_OBJC_ARC = YES;
				CLANG_ENABLE_OBJC_WEAK = YES;
				CLANG_WARN_BLOCK_CAPTURE_AUTORELEASING = YES;
				CLANG_WARN_BOOL_CONVERSION = YES;
				CLANG_WARN_COMMA = YES;
				CLANG_WARN_CONSTANT_CONVERSION = YES;
				CLANG_WARN_DEPRECATED_OBJC_IMPLEMENTATIONS = YES;
				CLANG_WARN_DIRECT_OBJC_ISA_USAGE = YES_ERROR;
				CLANG_WARN_DOCUMENTATION_COMMENTS = YES;
				CLANG_WARN_EMPTY_BODY = YES;
				CLANG_WARN_ENUM_CONVERSION = YES;
				CLANG_WARN_INFINITE_RECURSION = YES;
				CLANG_WARN_INT_CONVERSION = YES;
				CLANG_WARN_NON_LITERAL_NULL_CONVERSION = YES;
				CLANG_WARN_OBJC_IMPLICIT_RETAIN_SELF = YES;
				CLANG_WARN_OBJC_LITERAL_CONVERSION = YES;
				CLANG_WARN_OBJC_ROOT_CLASS = YES_ERROR;
				CLANG_WARN_QUOTED_INCLUDE_IN_FRAMEWORK_HEADER = YES;
				CLANG_WARN_RANGE_LOOP_ANALYSIS = YES;
				CLANG_WARN_STRICT_PROTOTYPES = YES;
				CLANG_WARN_SUSPICIOUS_MOVE = YES;
				CLANG_WARN_UNGUARDED_AVAILABILITY = YES_AGGRESSIVE;
				CLANG_WARN_UNREACHABLE_CODE = YES;
				CLANG_WARN__DUPLICATE_METHOD_MATCH = YES;
				COPY_PHASE_STRIP = NO;
				DEBUG_INFORMATION_FORMAT = "dwarf-with-dsym";
				ENABLE_NS_ASSERTIONS = NO;
				ENABLE_STRICT_OBJC_MSGSEND = YES;
				GCC_C_LANGUAGE_STANDARD = gnu11;
				GCC_NO_COMMON_BLOCKS = YES;
				GCC_WARN_64_TO_32_BIT_CONVERSION = YES;
				GCC_WARN_ABOUT_RETURN_TYPE = YES_ERROR;
				GCC_WARN_UNDECLARED_SELECTOR = YES;
				GCC_WARN_UNINITIALIZED_AUTOS = YES_AGGRESSIVE;
				GCC_WARN_UNUSED_FUNCTION = YES;
				GCC_WARN_UNUSED_VARIABLE = YES;
				IPHONEOS_DEPLOYMENT_TARGET = 15.2;
				MTL_ENABLE_DEBUG_INFO = NO;
				MTL_FAST_MATH = YES;
				SDKROOT = iphoneos;
				SWIFT_COMPILATION_MODE = wholemodule;
				SWIFT_OPTIMIZATION_LEVEL = "-O";
				VALIDATE_PRODUCT = YES;
			};
			name = Release;
		};
		674A16182837C3B20099F0C0 /* Debug */ = {
			isa = XCBuildConfiguration;
			baseConfigurationReference = 909F35BC4CD5F7D80BF55915 /* Pods-Doyduk-Appcent.debug.xcconfig */;
			buildSettings = {
				ASSETCATALOG_COMPILER_APPICON_NAME = AppIcon;
				ASSETCATALOG_COMPILER_GLOBAL_ACCENT_COLOR_NAME = AccentColor;
				CODE_SIGN_STYLE = Automatic;
				CURRENT_PROJECT_VERSION = 1;
				DEVELOPMENT_TEAM = RU9PYX4729;
				GENERATE_INFOPLIST_FILE = YES;
				INFOPLIST_FILE = "Doyduk-Appcent/Info.plist";
				INFOPLIST_KEY_UIApplicationSupportsIndirectInputEvents = YES;
				INFOPLIST_KEY_UILaunchStoryboardName = LaunchScreen;
				INFOPLIST_KEY_UIMainStoryboardFile = Main;
				INFOPLIST_KEY_UISupportedInterfaceOrientations = UIInterfaceOrientationPortrait;
				INFOPLIST_KEY_UISupportedInterfaceOrientations_iPad = "UIInterfaceOrientationPortrait UIInterfaceOrientationPortraitUpsideDown UIInterfaceOrientationLandscapeLeft UIInterfaceOrientationLandscapeRight";
				INFOPLIST_KEY_UISupportedInterfaceOrientations_iPhone = "UIInterfaceOrientationPortrait UIInterfaceOrientationLandscapeLeft UIInterfaceOrientationLandscapeRight";
				LD_RUNPATH_SEARCH_PATHS = (
					"$(inherited)",
					"@executable_path/Frameworks",
				);
				MARKETING_VERSION = 1.0;
				PRODUCT_BUNDLE_IDENTIFIER = "com.onuryilmazz07.Doyduk-Appcent";
				PRODUCT_NAME = "$(TARGET_NAME)";
				SWIFT_EMIT_LOC_STRINGS = YES;
				SWIFT_VERSION = 5.0;
				TARGETED_DEVICE_FAMILY = 1;
			};
			name = Debug;
		};
		674A16192837C3B20099F0C0 /* Release */ = {
			isa = XCBuildConfiguration;
			baseConfigurationReference = 00F620E0DB1B054A80085D2A /* Pods-Doyduk-Appcent.release.xcconfig */;
			buildSettings = {
				ASSETCATALOG_COMPILER_APPICON_NAME = AppIcon;
				ASSETCATALOG_COMPILER_GLOBAL_ACCENT_COLOR_NAME = AccentColor;
				CODE_SIGN_STYLE = Automatic;
				CURRENT_PROJECT_VERSION = 1;
				DEVELOPMENT_TEAM = RU9PYX4729;
				GENERATE_INFOPLIST_FILE = YES;
				INFOPLIST_FILE = "Doyduk-Appcent/Info.plist";
				INFOPLIST_KEY_UIApplicationSupportsIndirectInputEvents = YES;
				INFOPLIST_KEY_UILaunchStoryboardName = LaunchScreen;
				INFOPLIST_KEY_UIMainStoryboardFile = Main;
				INFOPLIST_KEY_UISupportedInterfaceOrientations = UIInterfaceOrientationPortrait;
				INFOPLIST_KEY_UISupportedInterfaceOrientations_iPad = "UIInterfaceOrientationPortrait UIInterfaceOrientationPortraitUpsideDown UIInterfaceOrientationLandscapeLeft UIInterfaceOrientationLandscapeRight";
				INFOPLIST_KEY_UISupportedInterfaceOrientations_iPhone = "UIInterfaceOrientationPortrait UIInterfaceOrientationLandscapeLeft UIInterfaceOrientationLandscapeRight";
				LD_RUNPATH_SEARCH_PATHS = (
					"$(inherited)",
					"@executable_path/Frameworks",
				);
				MARKETING_VERSION = 1.0;
				PRODUCT_BUNDLE_IDENTIFIER = "com.onuryilmazz07.Doyduk-Appcent";
				PRODUCT_NAME = "$(TARGET_NAME)";
				SWIFT_EMIT_LOC_STRINGS = YES;
				SWIFT_VERSION = 5.0;
				TARGETED_DEVICE_FAMILY = 1;
			};
			name = Release;
		};
/* End XCBuildConfiguration section */

/* Begin XCConfigurationList section */
		674A15FE2837C3A90099F0C0 /* Build configuration list for PBXProject "Doyduk-Appcent" */ = {
			isa = XCConfigurationList;
			buildConfigurations = (
				674A16152837C3B20099F0C0 /* Debug */,
				674A16162837C3B20099F0C0 /* Release */,
			);
			defaultConfigurationIsVisible = 0;
			defaultConfigurationName = Release;
		};
		674A16172837C3B20099F0C0 /* Build configuration list for PBXNativeTarget "Doyduk-Appcent" */ = {
			isa = XCConfigurationList;
			buildConfigurations = (
				674A16182837C3B20099F0C0 /* Debug */,
				674A16192837C3B20099F0C0 /* Release */,
			);
			defaultConfigurationIsVisible = 0;
			defaultConfigurationName = Release;
		};
/* End XCConfigurationList section */
	};
	rootObject = 674A15FB2837C3A90099F0C0 /* Project object */;
}
